
Microsoft Visual Studio Solution File, Format Version 12.00
# Visual Studio Version 17
VisualStudioVersion = 17.8.34309.116
MinimumVisualStudioVersion = 10.0.40219.1
Project("{8BC9CEB8-8B4A-11D0-8D11-00A0C91BC942}") = "Helloworld", "Helloworld.vcxproj", "{72682A8E-93B3-4057-96F2-32CA548F464E}"
EndProject
Project("{8BC9CEB8-8B4A-11D0-8D11-00A0C91BC942}") = "MyGame", "..\MyGame\MyGame.vcxproj", "{4BE11F7D-8A5C-4ADE-8FEC-CC41D68BBD41}"
EndProject
Global
	GlobalSection(SolutionConfigurationPlatforms) = preSolution
		Debug|x64 = Debug|x64
		Debug|x86 = Debug|x86
		Release|x64 = Release|x64
		Release|x86 = Release|x86
	EndGlobalSection
	GlobalSection(ProjectConfigurationPlatforms) = postSolution
		{72682A8E-93B3-4057-96F2-32CA548F464E}.Debug|x64.ActiveCfg = Debug|x64
		{72682A8E-93B3-4057-96F2-32CA548F464E}.Debug|x64.Build.0 = Debug|x64
		{72682A8E-93B3-4057-96F2-32CA548F464E}.Debug|x86.ActiveCfg = Debug|Win32
		{72682A8E-93B3-4057-96F2-32CA548F464E}.Debug|x86.Build.0 = Debug|Win32
		{72682A8E-93B3-4057-96F2-32CA548F464E}.Release|x64.ActiveCfg = Release|x64
		{72682A8E-93B3-4057-96F2-32CA548F464E}.Release|x64.Build.0 = Release|x64
		{72682A8E-93B3-4057-96F2-32CA548F464E}.Release|x86.ActiveCfg = Release|Win32
		{72682A8E-93B3-4057-96F2-32CA548F464E}.Release|x86.Build.0 = Release|Win32
		{4BE11F7D-8A5C-4ADE-8FEC-CC41D68BBD41}.Debug|x64.ActiveCfg = Debug|x64
		{4BE11F7D-8A5C-4ADE-8FEC-CC41D68BBD41}.Debug|x64.Build.0 = Debug|x64
		{4BE11F7D-8A5C-4ADE-8FEC-CC41D68BBD41}.Debug|x86.ActiveCfg = Debug|Win32
		{4BE11F7D-8A5C-4ADE-8FEC-CC41D68BBD41}.Debug|x86.Build.0 = Debug|Win32
		{4BE11F7D-8A5C-4ADE-8FEC-CC41D68BBD41}.Release|x64.ActiveCfg = Release|x64
		{4BE11F7D-8A5C-4ADE-8FEC-CC41D68BBD41}.Release|x64.Build.0 = Release|x64
		{4BE11F7D-8A5C-4ADE-8FEC-CC41D68BBD41}.Release|x86.ActiveCfg = Release|Win32
		{4BE11F7D-8A5C-4ADE-8FEC-CC41D68BBD41}.Release|x86.Build.0 = Release|Win32
	EndGlobalSection
	GlobalSection(SolutionProperties) = preSolution
		HideSolutionNode = FALSE
	EndGlobalSection
	GlobalSection(ExtensibilityGlobals) = postSolution
		SolutionGuid = {D1A25A9D-3CDD-4A51-AA0C-8FB392974527}
	EndGlobalSection
EndGlobal
